Microsoft Visual Studio Solution File, Format Version 12.00
# Visual Studio Version 17
VisualStudioVersion = 17.0.31903.59
MinimumVisualStudioVersion = 10.0.40219.1
Project("{FAE04EC0-301F-11D3-BF4B-00C04F79EFBC}") = "JARVIS.Visualizer", "JARVIS.Visualizer\JARVIS.Visualizer.csproj", "{55555555-5555-5555-5555-555555555555}"
EndProject
Project("{FAE04EC0-301F-11D3-BF4B-00C04F79EFBC}") = "JARVIS.Service", "JARVIS.Service\JARVIS.Service.csproj", "{747BBEC5-42EF-EB9E-817B-D46C2DF7653C}"
EndProject
Project("{FAE04EC0-301F-11D3-BF4B-00C04F79EFBC}") = "JARVIS", "JARVIS\JARVIS.csproj", "{FED57A6C-4BED-E191-D907-7E84AAC19D00}"
EndProject
Global
	GlobalSection(SolutionConfigurationPlatforms) = preSolution
		Debug|Any CPU = Debug|Any CPU
		Release|Any CPU = Release|Any CPU
	EndGlobalSection
	GlobalSection(ProjectConfigurationPlatforms) = postSolution
		{55555555-5555-5555-5555-555555555555}.Debug|Any CPU.ActiveCfg = Debug|Any CPU
		{55555555-5555-5555-5555-555555555555}.Debug|Any CPU.Build.0 = Debug|Any CPU
		{55555555-5555-5555-5555-555555555555}.Release|Any CPU.ActiveCfg = Release|Any CPU
		{55555555-5555-5555-5555-555555555555}.Release|Any CPU.Build.0 = Release|Any CPU
		{747BBEC5-42EF-EB9E-817B-D46C2DF7653C}.Debug|Any CPU.ActiveCfg = Debug|Any CPU
		{747BBEC5-42EF-EB9E-817B-D46C2DF7653C}.Debug|Any CPU.Build.0 = Debug|Any CPU
		{747BBEC5-42EF-EB9E-817B-D46C2DF7653C}.Release|Any CPU.ActiveCfg = Release|Any CPU
		{747BBEC5-42EF-EB9E-817B-D46C2DF7653C}.Release|Any CPU.Build.0 = Release|Any CPU
		{FED57A6C-4BED-E191-D907-7E84AAC19D00}.Debug|Any CPU.ActiveCfg = Debug|Any CPU
		{FED57A6C-4BED-E191-D907-7E84AAC19D00}.Debug|Any CPU.Build.0 = Debug|Any CPU
		{FED57A6C-4BED-E191-D907-7E84AAC19D00}.Release|Any CPU.ActiveCfg = Release|Any CPU
		{FED57A6C-4BED-E191-D907-7E84AAC19D00}.Release|Any CPU.Build.0 = Release|Any CPU
	EndGlobalSection
	GlobalSection(SolutionProperties) = preSolution
		HideSolutionNode = FALSE
	EndGlobalSection
	GlobalSection(ExtensibilityGlobals) = postSolution
		SolutionGuid = {538D3DCC-FA0D-4CEC-BEA2-0E0A12749DF5}
	EndGlobalSection
EndGlobal
