Microsoft Visual Studio Solution File, Format Version 12.00
# Visual Studio Version 17
VisualStudioVersion = 17.5.33424.131
MinimumVisualStudioVersion = 10.0.40219.1
Project("{36A24D672C828B7C633E642ACFED8763}") = "JarvisAI.Core", "JarvisAI.Core\JarvisAI.Core.csproj", "{36A24D672C828B7C633E642ACFED8763}"
EndProject
Project("{A83BC42C98ABCF818ED4BA4DD272CD2E}") = "JarvisAI.WPFUI", "JarvisAI.WPFUI\JarvisAI.WPFUI.csproj", "{A83BC42C98ABCF818ED4BA4DD272CD2E}"
EndProject
Project("{DC64CF2C9A9CB9931464B83D30C28897}") = "JarvisAI.API", "JarvisAI.API\JarvisAI.API.csproj", "{DC64CF2C9A9CB9931464B83D30C28897}"
EndProject
Project("{E9B0F39F6C1CCE76EAD7CBACFA64F539}") = "JarvisAI.MobileApp", "JarvisAI.MobileApp\JarvisAI.MobileApp.csproj", "{E9B0F39F6C1CCE76EAD7CBACFA64F539}"
EndProject
Project("{48FEBE7272FC0AE63A1B9878F9698FBF}") = "JarvisAI.Services", "JarvisAI.Services\JarvisAI.Services.csproj", "{48FEBE7272FC0AE63A1B9878F9698FBF}"
EndProject
Project("{7B319BA8E7D5DEAD5923481C4D8BA987}") = "JarvisAI.Voice", "JarvisAI.Voice\JarvisAI.Voice.csproj", "{7B319BA8E7D5DEAD5923481C4D8BA987}"
EndProject
Project("{3993DFB1572145E52003011268CD9467}") = "JarvisAI.Features", "JarvisAI.Features\JarvisAI.Features.csproj", "{3993DFB1572145E52003011268CD9467}"
EndProject
Project("{7A3282415C374E382BA3CB5C83BB0C26}") = "JarvisAI.Tests", "JarvisAI.Tests\JarvisAI.Tests.csproj", "{7A3282415C374E382BA3CB5C83BB0C26}"
EndProject
